// !$*UTF8*$!
{
	archiveVersion = 1;
	classes = {
	};
	objectVersion = 55;
	objects = {

/* Begin PBXBuildFile section */
		5400BA43281E706B00980108 /* ViewPort+CoordSystemTransformer.swift in Sources */ = {isa = PBXBuildFile; fileRef = 5400BA42281E706B00980108 /* ViewPort+CoordSystemTransformer.swift */; };
		5400BA44281E706B00980108 /* ViewPort+CoordSystemTransformer.swift in Sources */ = {isa = PBXBuildFile; fileRef = 5400BA42281E706B00980108 /* ViewPort+CoordSystemTransformer.swift */; };
		5400BA46281EA06600980108 /* Rect+Corner.swift in Sources */ = {isa = PBXBuildFile; fileRef = 5400BA45281EA06600980108 /* Rect+Corner.swift */; };
		5400BA47281EA06600980108 /* Rect+Corner.swift in Sources */ = {isa = PBXBuildFile; fileRef = 5400BA45281EA06600980108 /* Rect+Corner.swift */; };
		54122804281D686800C7EC83 /* ViewPort+Equatable.swift in Sources */ = {isa = PBXBuildFile; fileRef = 54122803281D686700C7EC83 /* ViewPort+Equatable.swift */; };
		54122805281D686800C7EC83 /* ViewPort+Equatable.swift in Sources */ = {isa = PBXBuildFile; fileRef = 54122803281D686700C7EC83 /* ViewPort+Equatable.swift */; };
		5421196C2827FF3B00FAC453 /* ViewPort+UpdateCorner.swift in Sources */ = {isa = PBXBuildFile; fileRef = 5421196B2827FF3B00FAC453 /* ViewPort+UpdateCorner.swift */; };
		5421196D2827FF3B00FAC453 /* ViewPort+UpdateCorner.swift in Sources */ = {isa = PBXBuildFile; fileRef = 5421196B2827FF3B00FAC453 /* ViewPort+UpdateCorner.swift */; };
		5421196F2827FF9900FAC453 /* ViewPort+UpdateBody.swift in Sources */ = {isa = PBXBuildFile; fileRef = 5421196E2827FF9900FAC453 /* ViewPort+UpdateBody.swift */; };
		542119702827FF9900FAC453 /* ViewPort+UpdateBody.swift in Sources */ = {isa = PBXBuildFile; fileRef = 5421196E2827FF9900FAC453 /* ViewPort+UpdateBody.swift */; };
		5434FC58281EF72F00320445 /* ViewPort+Clip.swift in Sources */ = {isa = PBXBuildFile; fileRef = 5434FC57281EF72F00320445 /* ViewPort+Clip.swift */; };
		5434FC59281EF72F00320445 /* ViewPort+Clip.swift in Sources */ = {isa = PBXBuildFile; fileRef = 5434FC57281EF72F00320445 /* ViewPort+Clip.swift */; };
		5464608A281A70AD00B042D1 /* Rect.swift in Sources */ = {isa = PBXBuildFile; fileRef = 54646089281A70AD00B042D1 /* Rect.swift */; };
		5464608B281A70AD00B042D1 /* Rect.swift in Sources */ = {isa = PBXBuildFile; fileRef = 54646089281A70AD00B042D1 /* Rect.swift */; };
		54646090281A73BF00B042D1 /* Size.swift in Sources */ = {isa = PBXBuildFile; fileRef = 5464608F281A73BF00B042D1 /* Size.swift */; };
		54646091281A73BF00B042D1 /* Size.swift in Sources */ = {isa = PBXBuildFile; fileRef = 5464608F281A73BF00B042D1 /* Size.swift */; };
		54646093281A9A4F00B042D1 /* ViewPort+Screen.swift in Sources */ = {isa = PBXBuildFile; fileRef = 54646092281A9A4F00B042D1 /* ViewPort+Screen.swift */; };
		54646094281A9A4F00B042D1 /* ViewPort+Screen.swift in Sources */ = {isa = PBXBuildFile; fileRef = 54646092281A9A4F00B042D1 /* ViewPort+Screen.swift */; };
		549BA234281127E400622F37 /* ViewPortApp.swift in Sources */ = {isa = PBXBuildFile; fileRef = 549BA224281127E200622F37 /* ViewPortApp.swift */; };
		549BA235281127E400622F37 /* ViewPortApp.swift in Sources */ = {isa = PBXBuildFile; fileRef = 549BA224281127E200622F37 /* ViewPortApp.swift */; };
		549BA236281127E400622F37 /* ContentView.swift in Sources */ = {isa = PBXBuildFile; fileRef = 549BA225281127E200622F37 /* ContentView.swift */; };
		549BA237281127E400622F37 /* ContentView.swift in Sources */ = {isa = PBXBuildFile; fileRef = 549BA225281127E200622F37 /* ContentView.swift */; };
		549BA238281127E400622F37 /* Assets.xcassets in Resources */ = {isa = PBXBuildFile; fileRef = 549BA226281127E400622F37 /* Assets.xcassets */; };
		549BA239281127E400622F37 /* Assets.xcassets in Resources */ = {isa = PBXBuildFile; fileRef = 549BA226281127E400622F37 /* Assets.xcassets */; };
		549BA2472811285D00622F37 /* HotMetal in Frameworks */ = {isa = PBXBuildFile; productRef = 549BA2462811285D00622F37 /* HotMetal */; };
		549BA2492811286300622F37 /* HotMetal in Frameworks */ = {isa = PBXBuildFile; productRef = 549BA2482811286300622F37 /* HotMetal */; };
		549BA24C281128D600622F37 /* RootNode.swift in Sources */ = {isa = PBXBuildFile; fileRef = 549BA24B281128D600622F37 /* RootNode.swift */; };
		549BA24D281128D800622F37 /* RootNode.swift in Sources */ = {isa = PBXBuildFile; fileRef = 549BA24B281128D600622F37 /* RootNode.swift */; };
		549BA24F281128EB00622F37 /* MainScene.swift in Sources */ = {isa = PBXBuildFile; fileRef = 549BA24E281128EB00622F37 /* MainScene.swift */; };
		549BA250281128EB00622F37 /* MainScene.swift in Sources */ = {isa = PBXBuildFile; fileRef = 549BA24E281128EB00622F37 /* MainScene.swift */; };
		549BA2522811290500622F37 /* ContentView+ViewModel.swift in Sources */ = {isa = PBXBuildFile; fileRef = 549BA2512811290500622F37 /* ContentView+ViewModel.swift */; };
		549BA2532811290500622F37 /* ContentView+ViewModel.swift in Sources */ = {isa = PBXBuildFile; fileRef = 549BA2512811290500622F37 /* ContentView+ViewModel.swift */; };
		549BA25728112B6600622F37 /* CGPoint.swift in Sources */ = {isa = PBXBuildFile; fileRef = 549BA25628112B6600622F37 /* CGPoint.swift */; };
		549BA25828112B6600622F37 /* CGPoint.swift in Sources */ = {isa = PBXBuildFile; fileRef = 549BA25628112B6600622F37 /* CGPoint.swift */; };
		549BA25A28112C2400622F37 /* Receiver.swift in Sources */ = {isa = PBXBuildFile; fileRef = 549BA25928112C2400622F37 /* Receiver.swift */; };
		549BA25B28112C2400622F37 /* Receiver.swift in Sources */ = {isa = PBXBuildFile; fileRef = 549BA25928112C2400622F37 /* Receiver.swift */; };
		549BA25D28112D2300622F37 /* DragGestureState.swift in Sources */ = {isa = PBXBuildFile; fileRef = 549BA25C28112D2300622F37 /* DragGestureState.swift */; };
		549BA25E28112D2300622F37 /* DragGestureState.swift in Sources */ = {isa = PBXBuildFile; fileRef = 549BA25C28112D2300622F37 /* DragGestureState.swift */; };
		549BA26028112D9E00622F37 /* ViewPortState.swift in Sources */ = {isa = PBXBuildFile; fileRef = 549BA25F28112D9E00622F37 /* ViewPortState.swift */; };
		549BA26128112D9E00622F37 /* ViewPortState.swift in Sources */ = {isa = PBXBuildFile; fileRef = 549BA25F28112D9E00622F37 /* ViewPortState.swift */; };
		549BA26328112DD700622F37 /* ViewSizeState.swift in Sources */ = {isa = PBXBuildFile; fileRef = 549BA26228112DD700622F37 /* ViewSizeState.swift */; };
		549BA26428112DD700622F37 /* ViewSizeState.swift in Sources */ = {isa = PBXBuildFile; fileRef = 549BA26228112DD700622F37 /* ViewSizeState.swift */; };
		549BA26628112DF500622F37 /* ViewPort.swift in Sources */ = {isa = PBXBuildFile; fileRef = 549BA26528112DF500622F37 /* ViewPort.swift */; };
		549BA26728112DF500622F37 /* ViewPort.swift in Sources */ = {isa = PBXBuildFile; fileRef = 549BA26528112DF500622F37 /* ViewPort.swift */; };
		549BA26A2811319B00622F37 /* CropView.swift in Sources */ = {isa = PBXBuildFile; fileRef = 549BA2692811319B00622F37 /* CropView.swift */; };
		549BA26B2811319B00622F37 /* CropView.swift in Sources */ = {isa = PBXBuildFile; fileRef = 549BA2692811319B00622F37 /* CropView.swift */; };
		549BA26D281131A700622F37 /* CropView+ViewModel.swift in Sources */ = {isa = PBXBuildFile; fileRef = 549BA26C281131A700622F37 /* CropView+ViewModel.swift */; };
		549BA26E281131A700622F37 /* CropView+ViewModel.swift in Sources */ = {isa = PBXBuildFile; fileRef = 549BA26C281131A700622F37 /* CropView+ViewModel.swift */; };
		549C680728168288006775A2 /* ViewPort+Orientation.swift in Sources */ = {isa = PBXBuildFile; fileRef = 549C680628168288006775A2 /* ViewPort+Orientation.swift */; };
		549C680828168288006775A2 /* ViewPort+Orientation.swift in Sources */ = {isa = PBXBuildFile; fileRef = 549C680628168288006775A2 /* ViewPort+Orientation.swift */; };
		549C68102816A9B1006775A2 /* ViewPort+Camera.swift in Sources */ = {isa = PBXBuildFile; fileRef = 549C680F2816A9B1006775A2 /* ViewPort+Camera.swift */; };
		549C68112816A9B1006775A2 /* ViewPort+Camera.swift in Sources */ = {isa = PBXBuildFile; fileRef = 549C680F2816A9B1006775A2 /* ViewPort+Camera.swift */; };
		549C68162816E520006775A2 /* ViewPort+UpdateAngle.swift in Sources */ = {isa = PBXBuildFile; fileRef = 549C68152816E520006775A2 /* ViewPort+UpdateAngle.swift */; };
		549C68172816E520006775A2 /* ViewPort+UpdateAngle.swift in Sources */ = {isa = PBXBuildFile; fileRef = 549C68152816E520006775A2 /* ViewPort+UpdateAngle.swift */; };
/* End PBXBuildFile section */

/* Begin PBXFileReference section */
		5400BA42281E706B00980108 /* ViewPort+CoordSystemTransformer.swift */ = {isa = PBXFileReference; lastKnownFileType = sourcecode.swift; path = "ViewPort+CoordSystemTransformer.swift"; sourceTree = "<group>"; };
		5400BA45281EA06600980108 /* Rect+Corner.swift */ = {isa = PBXFileReference; lastKnownFileType = sourcecode.swift; path = "Rect+Corner.swift"; sourceTree = "<group>"; };
		54122803281D686700C7EC83 /* ViewPort+Equatable.swift */ = {isa = PBXFileReference; lastKnownFileType = sourcecode.swift; path = "ViewPort+Equatable.swift"; sourceTree = "<group>"; };
		5421196B2827FF3B00FAC453 /* ViewPort+UpdateCorner.swift */ = {isa = PBXFileReference; lastKnownFileType = sourcecode.swift; path = "ViewPort+UpdateCorner.swift"; sourceTree = "<group>"; };
		5421196E2827FF9900FAC453 /* ViewPort+UpdateBody.swift */ = {isa = PBXFileReference; lastKnownFileType = sourcecode.swift; path = "ViewPort+UpdateBody.swift"; sourceTree = "<group>"; };
		5434FC57281EF72F00320445 /* ViewPort+Clip.swift */ = {isa = PBXFileReference; lastKnownFileType = sourcecode.swift; path = "ViewPort+Clip.swift"; sourceTree = "<group>"; };
		54646089281A70AD00B042D1 /* Rect.swift */ = {isa = PBXFileReference; lastKnownFileType = sourcecode.swift; path = Rect.swift; sourceTree = "<group>"; };
		5464608F281A73BF00B042D1 /* Size.swift */ = {isa = PBXFileReference; lastKnownFileType = sourcecode.swift; path = Size.swift; sourceTree = "<group>"; };
		54646092281A9A4F00B042D1 /* ViewPort+Screen.swift */ = {isa = PBXFileReference; lastKnownFileType = sourcecode.swift; path = "ViewPort+Screen.swift"; sourceTree = "<group>"; };
		549BA224281127E200622F37 /* ViewPortApp.swift */ = {isa = PBXFileReference; lastKnownFileType = sourcecode.swift; path = ViewPortApp.swift; sourceTree = "<group>"; };
		549BA225281127E200622F37 /* ContentView.swift */ = {isa = PBXFileReference; lastKnownFileType = sourcecode.swift; path = ContentView.swift; sourceTree = "<group>"; };
		549BA226281127E400622F37 /* Assets.xcassets */ = {isa = PBXFileReference; lastKnownFileType = folder.assetcatalog; path = Assets.xcassets; sourceTree = "<group>"; };
		549BA22B281127E400622F37 /* ViewPort.app */ = {isa = PBXFileReference; explicitFileType = wrapper.application; includeInIndex = 0; path = ViewPort.app; sourceTree = BUILT_PRODUCTS_DIR; };
		549BA231281127E400622F37 /* ViewPort.app */ = {isa = PBXFileReference; explicitFileType = wrapper.application; includeInIndex = 0; path = ViewPort.app; sourceTree = BUILT_PRODUCTS_DIR; };
		549BA233281127E400622F37 /* macOS.entitlements */ = {isa = PBXFileReference; lastKnownFileType = text.plist.entitlements; path = macOS.entitlements; sourceTree = "<group>"; };
		549BA2432811281A00622F37 /* HotMetal */ = {isa = PBXFileReference; lastKnownFileType = wrapper; name = HotMetal; path = ../..; sourceTree = "<group>"; };
		549BA2442811285600622F37 /* ViewPort--iOS--Info.plist */ = {isa = PBXFileReference; lastKnownFileType = text.plist; path = "ViewPort--iOS--Info.plist"; sourceTree = "<group>"; };
		549BA24B281128D600622F37 /* RootNode.swift */ = {isa = PBXFileReference; lastKnownFileType = sourcecode.swift; path = RootNode.swift; sourceTree = "<group>"; };
		549BA24E281128EB00622F37 /* MainScene.swift */ = {isa = PBXFileReference; lastKnownFileType = sourcecode.swift; path = MainScene.swift; sourceTree = "<group>"; };
		549BA2512811290500622F37 /* ContentView+ViewModel.swift */ = {isa = PBXFileReference; lastKnownFileType = sourcecode.swift; path = "ContentView+ViewModel.swift"; sourceTree = "<group>"; };
		549BA25628112B6600622F37 /* CGPoint.swift */ = {isa = PBXFileReference; lastKnownFileType = sourcecode.swift; path = CGPoint.swift; sourceTree = "<group>"; };
		549BA25928112C2400622F37 /* Receiver.swift */ = {isa = PBXFileReference; lastKnownFileType = sourcecode.swift; path = Receiver.swift; sourceTree = "<group>"; };
		549BA25C28112D2300622F37 /* DragGestureState.swift */ = {isa = PBXFileReference; lastKnownFileType = sourcecode.swift; path = DragGestureState.swift; sourceTree = "<group>"; };
		549BA25F28112D9E00622F37 /* ViewPortState.swift */ = {isa = PBXFileReference; lastKnownFileType = sourcecode.swift; path = ViewPortState.swift; sourceTree = "<group>"; };
		549BA26228112DD700622F37 /* ViewSizeState.swift */ = {isa = PBXFileReference; lastKnownFileType = sourcecode.swift; path = ViewSizeState.swift; sourceTree = "<group>"; };
		549BA26528112DF500622F37 /* ViewPort.swift */ = {isa = PBXFileReference; lastKnownFileType = sourcecode.swift; path = ViewPort.swift; sourceTree = "<group>"; };
		549BA2692811319B00622F37 /* CropView.swift */ = {isa = PBXFileReference; lastKnownFileType = sourcecode.swift; path = CropView.swift; sourceTree = "<group>"; };
		549BA26C281131A700622F37 /* CropView+ViewModel.swift */ = {isa = PBXFileReference; lastKnownFileType = sourcecode.swift; path = "CropView+ViewModel.swift"; sourceTree = "<group>"; };
		549C680628168288006775A2 /* ViewPort+Orientation.swift */ = {isa = PBXFileReference; lastKnownFileType = sourcecode.swift; path = "ViewPort+Orientation.swift"; sourceTree = "<group>"; };
		549C680F2816A9B1006775A2 /* ViewPort+Camera.swift */ = {isa = PBXFileReference; lastKnownFileType = sourcecode.swift; path = "ViewPort+Camera.swift"; sourceTree = "<group>"; };
		549C68152816E520006775A2 /* ViewPort+UpdateAngle.swift */ = {isa = PBXFileReference; lastKnownFileType = sourcecode.swift; path = "ViewPort+UpdateAngle.swift"; sourceTree = "<group>"; };
/* End PBXFileReference section */

/* Begin PBXFrameworksBuildPhase section */
		549BA228281127E400622F37 /* Frameworks */ = {
			isa = PBXFrameworksBuildPhase;
			buildActionMask = 2147483647;
			files = (
				549BA2472811285D00622F37 /* HotMetal in Frameworks */,
			);
			runOnlyForDeploymentPostprocessing = 0;
		};
		549BA22E281127E400622F37 /* Frameworks */ = {
			isa = PBXFrameworksBuildPhase;
			buildActionMask = 2147483647;
			files = (
				549BA2492811286300622F37 /* HotMetal in Frameworks */,
			);
			runOnlyForDeploymentPostprocessing = 0;
		};
/* End PBXFrameworksBuildPhase section */

/* Begin PBXGroup section */
		54646088281A708F00B042D1 /* Rect */ = {
			isa = PBXGroup;
			children = (
				54646089281A70AD00B042D1 /* Rect.swift */,
				5464608F281A73BF00B042D1 /* Size.swift */,
				5400BA45281EA06600980108 /* Rect+Corner.swift */,
			);
			path = Rect;
			sourceTree = "<group>";
		};
		549BA21E281127E200622F37 = {
			isa = PBXGroup;
			children = (
				549BA2442811285600622F37 /* ViewPort--iOS--Info.plist */,
				549BA2422811281A00622F37 /* Packages */,
				549BA223281127E200622F37 /* Shared */,
				549BA232281127E400622F37 /* macOS */,
				549BA22C281127E400622F37 /* Products */,
				549BA2452811285D00622F37 /* Frameworks */,
			);
			sourceTree = "<group>";
		};
		549BA223281127E200622F37 /* Shared */ = {
			isa = PBXGroup;
			children = (
				549BA2682811317300622F37 /* CropView */,
				549BA25528112B3B00622F37 /* Extension */,
				549BA25428112B0F00622F37 /* State */,
				549BA24A281128A500622F37 /* Scene */,
				549BA224281127E200622F37 /* ViewPortApp.swift */,
				549BA225281127E200622F37 /* ContentView.swift */,
				549BA2512811290500622F37 /* ContentView+ViewModel.swift */,
				549BA226281127E400622F37 /* Assets.xcassets */,
			);
			path = Shared;
			sourceTree = "<group>";
		};
		549BA22C281127E400622F37 /* Products */ = {
			isa = PBXGroup;
			children = (
				549BA22B281127E400622F37 /* ViewPort.app */,
				549BA231281127E400622F37 /* ViewPort.app */,
			);
			name = Products;
			sourceTree = "<group>";
		};
		549BA232281127E400622F37 /* macOS */ = {
			isa = PBXGroup;
			children = (
				549BA233281127E400622F37 /* macOS.entitlements */,
			);
			path = macOS;
			sourceTree = "<group>";
		};
		549BA2422811281A00622F37 /* Packages */ = {
			isa = PBXGroup;
			children = (
				549BA2432811281A00622F37 /* HotMetal */,
			);
			name = Packages;
			sourceTree = "<group>";
		};
		549BA2452811285D00622F37 /* Frameworks */ = {
			isa = PBXGroup;
			children = (
			);
			name = Frameworks;
			sourceTree = "<group>";
		};
		549BA24A281128A500622F37 /* Scene */ = {
			isa = PBXGroup;
			children = (
				549BA24B281128D600622F37 /* RootNode.swift */,
				549BA24E281128EB00622F37 /* MainScene.swift */,
			);
			path = Scene;
			sourceTree = "<group>";
		};
		549BA25428112B0F00622F37 /* State */ = {
			isa = PBXGroup;
			children = (
				549C68052816826A006775A2 /* ViewPort */,
				549BA25928112C2400622F37 /* Receiver.swift */,
				549BA25C28112D2300622F37 /* DragGestureState.swift */,
				549BA25F28112D9E00622F37 /* ViewPortState.swift */,
				549BA26228112DD700622F37 /* ViewSizeState.swift */,
			);
			path = State;
			sourceTree = "<group>";
		};
		549BA25528112B3B00622F37 /* Extension */ = {
			isa = PBXGroup;
			children = (
				549BA25628112B6600622F37 /* CGPoint.swift */,
			);
			path = Extension;
			sourceTree = "<group>";
		};
		549BA2682811317300622F37 /* CropView */ = {
			isa = PBXGroup;
			children = (
				549BA2692811319B00622F37 /* CropView.swift */,
				549BA26C281131A700622F37 /* CropView+ViewModel.swift */,
			);
			path = CropView;
			sourceTree = "<group>";
		};
		549C68052816826A006775A2 /* ViewPort */ = {
			isa = PBXGroup;
			children = (
				54646088281A708F00B042D1 /* Rect */,
				549BA26528112DF500622F37 /* ViewPort.swift */,
				549C680628168288006775A2 /* ViewPort+Orientation.swift */,
				549C680F2816A9B1006775A2 /* ViewPort+Camera.swift */,
				54646092281A9A4F00B042D1 /* ViewPort+Screen.swift */,
				54122803281D686700C7EC83 /* ViewPort+Equatable.swift */,
				5400BA42281E706B00980108 /* ViewPort+CoordSystemTransformer.swift */,
				5434FC57281EF72F00320445 /* ViewPort+Clip.swift */,
				549C68152816E520006775A2 /* ViewPort+UpdateAngle.swift */,
				5421196B2827FF3B00FAC453 /* ViewPort+UpdateCorner.swift */,
				5421196E2827FF9900FAC453 /* ViewPort+UpdateBody.swift */,
			);
			path = ViewPort;
			sourceTree = "<group>";
		};
/* End PBXGroup section */

/* Begin PBXNativeTarget section */
		549BA22A281127E400622F37 /* ViewPort (iOS) */ = {
			isa = PBXNativeTarget;
			buildConfigurationList = 549BA23C281127E400622F37 /* Build configuration list for PBXNativeTarget "ViewPort (iOS)" */;
			buildPhases = (
				549BA227281127E400622F37 /* Sources */,
				549BA228281127E400622F37 /* Frameworks */,
				549BA229281127E400622F37 /* Resources */,
			);
			buildRules = (
			);
			dependencies = (
			);
			name = "ViewPort (iOS)";
			packageProductDependencies = (
				549BA2462811285D00622F37 /* HotMetal */,
			);
			productName = "ViewPort (iOS)";
			productReference = 549BA22B281127E400622F37 /* ViewPort.app */;
			productType = "com.apple.product-type.application";
		};
		549BA230281127E400622F37 /* ViewPort (macOS) */ = {
			isa = PBXNativeTarget;
			buildConfigurationList = 549BA23F281127E400622F37 /* Build configuration list for PBXNativeTarget "ViewPort (macOS)" */;
			buildPhases = (
				549BA22D281127E400622F37 /* Sources */,
				549BA22E281127E400622F37 /* Frameworks */,
				549BA22F281127E400622F37 /* Resources */,
			);
			buildRules = (
			);
			dependencies = (
			);
			name = "ViewPort (macOS)";
			packageProductDependencies = (
				549BA2482811286300622F37 /* HotMetal */,
			);
			productName = "ViewPort (macOS)";
			productReference = 549BA231281127E400622F37 /* ViewPort.app */;
			productType = "com.apple.product-type.application";
		};
/* End PBXNativeTarget section */

/* Begin PBXProject section */
		549BA21F281127E200622F37 /* Project object */ = {
			isa = PBXProject;
			attributes = {
				BuildIndependentTargetsInParallel = 1;
				LastSwiftUpdateCheck = 1330;
				LastUpgradeCheck = 1330;
				TargetAttributes = {
					549BA22A281127E400622F37 = {
						CreatedOnToolsVersion = 13.3;
					};
					549BA230281127E400622F37 = {
						CreatedOnToolsVersion = 13.3;
					};
				};
			};
			buildConfigurationList = 549BA222281127E200622F37 /* Build configuration list for PBXProject "ViewPort" */;
			compatibilityVersion = "Xcode 13.0";
			developmentRegion = en;
			hasScannedForEncodings = 0;
			knownRegions = (
				en,
				Base,
			);
			mainGroup = 549BA21E281127E200622F37;
			productRefGroup = 549BA22C281127E400622F37 /* Products */;
			projectDirPath = "";
			projectRoot = "";
			targets = (
				549BA22A281127E400622F37 /* ViewPort (iOS) */,
				549BA230281127E400622F37 /* ViewPort (macOS) */,
			);
		};
/* End PBXProject section */

/* Begin PBXResourcesBuildPhase section */
		549BA229281127E400622F37 /* Resources */ = {
			isa = PBXResourcesBuildPhase;
			buildActionMask = 2147483647;
			files = (
				549BA238281127E400622F37 /* Assets.xcassets in Resources */,
			);
			runOnlyForDeploymentPostprocessing = 0;
		};
		549BA22F281127E400622F37 /* Resources */ = {
			isa = PBXResourcesBuildPhase;
			buildActionMask = 2147483647;
			files = (
				549BA239281127E400622F37 /* Assets.xcassets in Resources */,
			);
			runOnlyForDeploymentPostprocessing = 0;
		};
/* End PBXResourcesBuildPhase section */

/* Begin PBXSourcesBuildPhase section */
		549BA227281127E400622F37 /* Sources */ = {
			isa = PBXSourcesBuildPhase;
			buildActionMask = 2147483647;
			files = (
				54646090281A73BF00B042D1 /* Size.swift in Sources */,
				549BA2522811290500622F37 /* ContentView+ViewModel.swift in Sources */,
				5400BA46281EA06600980108 /* Rect+Corner.swift in Sources */,
				5421196F2827FF9900FAC453 /* ViewPort+UpdateBody.swift in Sources */,
				549BA26328112DD700622F37 /* ViewSizeState.swift in Sources */,
				5464608A281A70AD00B042D1 /* Rect.swift in Sources */,
				549BA25A28112C2400622F37 /* Receiver.swift in Sources */,
				549BA236281127E400622F37 /* ContentView.swift in Sources */,
				549BA24F281128EB00622F37 /* MainScene.swift in Sources */,
				549BA24C281128D600622F37 /* RootNode.swift in Sources */,
				549BA25728112B6600622F37 /* CGPoint.swift in Sources */,
				549BA26628112DF500622F37 /* ViewPort.swift in Sources */,
				5434FC58281EF72F00320445 /* ViewPort+Clip.swift in Sources */,
				54122804281D686800C7EC83 /* ViewPort+Equatable.swift in Sources */,
				549BA26D281131A700622F37 /* CropView+ViewModel.swift in Sources */,
				549BA26A2811319B00622F37 /* CropView.swift in Sources */,
				5421196C2827FF3B00FAC453 /* ViewPort+UpdateCorner.swift in Sources */,
				5400BA43281E706B00980108 /* ViewPort+CoordSystemTransformer.swift in Sources */,
				549BA26028112D9E00622F37 /* ViewPortState.swift in Sources */,
				54646093281A9A4F00B042D1 /* ViewPort+Screen.swift in Sources */,
				549C680728168288006775A2 /* ViewPort+Orientation.swift in Sources */,
				549C68162816E520006775A2 /* ViewPort+UpdateAngle.swift in Sources */,
				549C68102816A9B1006775A2 /* ViewPort+Camera.swift in Sources */,
				549BA234281127E400622F37 /* ViewPortApp.swift in Sources */,
				549BA25D28112D2300622F37 /* DragGestureState.swift in Sources */,
			);
			runOnlyForDeploymentPostprocessing = 0;
		};
		549BA22D281127E400622F37 /* Sources */ = {
			isa = PBXSourcesBuildPhase;
			buildActionMask = 2147483647;
			files = (
				54646091281A73BF00B042D1 /* Size.swift in Sources */,
				549BA2532811290500622F37 /* ContentView+ViewModel.swift in Sources */,
				5400BA47281EA06600980108 /* Rect+Corner.swift in Sources */,
				542119702827FF9900FAC453 /* ViewPort+UpdateBody.swift in Sources */,
				549BA26428112DD700622F37 /* ViewSizeState.swift in Sources */,
				5464608B281A70AD00B042D1 /* Rect.swift in Sources */,
				549BA25B28112C2400622F37 /* Receiver.swift in Sources */,
				549BA237281127E400622F37 /* ContentView.swift in Sources */,
				549BA250281128EB00622F37 /* MainScene.swift in Sources */,
				549BA24D281128D800622F37 /* RootNode.swift in Sources */,
				549BA25828112B6600622F37 /* CGPoint.swift in Sources */,
				549BA26728112DF500622F37 /* ViewPort.swift in Sources */,
				5434FC59281EF72F00320445 /* ViewPort+Clip.swift in Sources */,
				54122805281D686800C7EC83 /* ViewPort+Equatable.swift in Sources */,
				549BA26E281131A700622F37 /* CropView+ViewModel.swift in Sources */,
				549BA26B2811319B00622F37 /* CropView.swift in Sources */,
				5421196D2827FF3B00FAC453 /* ViewPort+UpdateCorner.swift in Sources */,
				5400BA44281E706B00980108 /* ViewPort+CoordSystemTransformer.swift in Sources */,
				549BA26128112D9E00622F37 /* ViewPortState.swift in Sources */,
				54646094281A9A4F00B042D1 /* ViewPort+Screen.swift in Sources */,
				549C680828168288006775A2 /* ViewPort+Orientation.swift in Sources */,
				549C68172816E520006775A2 /* ViewPort+UpdateAngle.swift in Sources */,
				549C68112816A9B1006775A2 /* ViewPort+Camera.swift in Sources */,
				549BA235281127E400622F37 /* ViewPortApp.swift in Sources */,
				549BA25E28112D2300622F37 /* DragGestureState.swift in Sources */,
			);
			runOnlyForDeploymentPostprocessing = 0;
		};
/* End PBXSourcesBuildPhase section */

/* Begin XCBuildConfiguration section */
		549BA23A281127E400622F37 /* Debug */ = {
			isa = XCBuildConfiguration;
			buildSettings = {
				ALWAYS_SEARCH_USER_PATHS = NO;
				CLANG_ANALYZER_NONNULL = YES;
				CLANG_ANALYZER_NUMBER_OBJECT_CONVERSION = YES_AGGRESSIVE;
				CLANG_CXX_LANGUAGE_STANDARD = "gnu++17";
				CLANG_ENABLE_MODULES = YES;
				CLANG_ENABLE_OBJC_ARC = YES;
				CLANG_ENABLE_OBJC_WEAK = YES;
				CLANG_WARN_BLOCK_CAPTURE_AUTORELEASING = YES;
				CLANG_WARN_BOOL_CONVERSION = YES;
				CLANG_WARN_COMMA = YES;
				CLANG_WARN_CONSTANT_CONVERSION = YES;
				CLANG_WARN_DEPRECATED_OBJC_IMPLEMENTATIONS = YES;
				CLANG_WARN_DIRECT_OBJC_ISA_USAGE = YES_ERROR;
				CLANG_WARN_DOCUMENTATION_COMMENTS = YES;
				CLANG_WARN_EMPTY_BODY = YES;
				CLANG_WARN_ENUM_CONVERSION = YES;
				CLANG_WARN_INFINITE_RECURSION = YES;
				CLANG_WARN_INT_CONVERSION = YES;
				CLANG_WARN_NON_LITERAL_NULL_CONVERSION = YES;
				CLANG_WARN_OBJC_IMPLICIT_RETAIN_SELF = YES;
				CLANG_WARN_OBJC_LITERAL_CONVERSION = YES;
				CLANG_WARN_OBJC_ROOT_CLASS = YES_ERROR;
				CLANG_WARN_QUOTED_INCLUDE_IN_FRAMEWORK_HEADER = YES;
				CLANG_WARN_RANGE_LOOP_ANALYSIS = YES;
				CLANG_WARN_STRICT_PROTOTYPES = YES;
				CLANG_WARN_SUSPICIOUS_MOVE = YES;
				CLANG_WARN_UNGUARDED_AVAILABILITY = YES_AGGRESSIVE;
				CLANG_WARN_UNREACHABLE_CODE = YES;
				CLANG_WARN__DUPLICATE_METHOD_MATCH = YES;
				COPY_PHASE_STRIP = NO;
				DEBUG_INFORMATION_FORMAT = dwarf;
				ENABLE_STRICT_OBJC_MSGSEND = YES;
				ENABLE_TESTABILITY = YES;
				GCC_C_LANGUAGE_STANDARD = gnu11;
				GCC_DYNAMIC_NO_PIC = NO;
				GCC_NO_COMMON_BLOCKS = YES;
				GCC_OPTIMIZATION_LEVEL = 0;
				GCC_PREPROCESSOR_DEFINITIONS = (
					"DEBUG=1",
					"$(inherited)",
				);
				GCC_WARN_64_TO_32_BIT_CONVERSION = YES;
				GCC_WARN_ABOUT_RETURN_TYPE = YES_ERROR;
				GCC_WARN_UNDECLARED_SELECTOR = YES;
				GCC_WARN_UNINITIALIZED_AUTOS = YES_AGGRESSIVE;
				GCC_WARN_UNUSED_FUNCTION = YES;
				GCC_WARN_UNUSED_VARIABLE = YES;
				MTL_ENABLE_DEBUG_INFO = INCLUDE_SOURCE;
				MTL_FAST_MATH = YES;
				ONLY_ACTIVE_ARCH = YES;
				SWIFT_ACTIVE_COMPILATION_CONDITIONS = DEBUG;
				SWIFT_OPTIMIZATION_LEVEL = "-Onone";
			};
			name = Debug;
		};
		549BA23B281127E400622F37 /* Release */ = {
			isa = XCBuildConfiguration;
			buildSettings = {
				ALWAYS_SEARCH_USER_PATHS = NO;
				CLANG_ANALYZER_NONNULL = YES;
				CLANG_ANALYZER_NUMBER_OBJECT_CONVERSION = YES_AGGRESSIVE;
				CLANG_CXX_LANGUAGE_STANDARD = "gnu++17";
				CLANG_ENABLE_MODULES = YES;
				CLANG_ENABLE_OBJC_ARC = YES;
				CLANG_ENABLE_OBJC_WEAK = YES;
				CLANG_WARN_BLOCK_CAPTURE_AUTORELEASING = YES;
				CLANG_WARN_BOOL_CONVERSION = YES;
				CLANG_WARN_COMMA = YES;
				CLANG_WARN_CONSTANT_CONVERSION = YES;
				CLANG_WARN_DEPRECATED_OBJC_IMPLEMENTATIONS = YES;
				CLANG_WARN_DIRECT_OBJC_ISA_USAGE = YES_ERROR;
				CLANG_WARN_DOCUMENTATION_COMMENTS = YES;
				CLANG_WARN_EMPTY_BODY = YES;
				CLANG_WARN_ENUM_CONVERSION = YES;
				CLANG_WARN_INFINITE_RECURSION = YES;
				CLANG_WARN_INT_CONVERSION = YES;
				CLANG_WARN_NON_LITERAL_NULL_CONVERSION = YES;
				CLANG_WARN_OBJC_IMPLICIT_RETAIN_SELF = YES;
				CLANG_WARN_OBJC_LITERAL_CONVERSION = YES;
				CLANG_WARN_OBJC_ROOT_CLASS = YES_ERROR;
				CLANG_WARN_QUOTED_INCLUDE_IN_FRAMEWORK_HEADER = YES;
				CLANG_WARN_RANGE_LOOP_ANALYSIS = YES;
				CLANG_WARN_STRICT_PROTOTYPES = YES;
				CLANG_WARN_SUSPICIOUS_MOVE = YES;
				CLANG_WARN_UNGUARDED_AVAILABILITY = YES_AGGRESSIVE;
				CLANG_WARN_UNREACHABLE_CODE = YES;
				CLANG_WARN__DUPLICATE_METHOD_MATCH = YES;
				COPY_PHASE_STRIP = NO;
				DEBUG_INFORMATION_FORMAT = "dwarf-with-dsym";
				ENABLE_NS_ASSERTIONS = NO;
				ENABLE_STRICT_OBJC_MSGSEND = YES;
				GCC_C_LANGUAGE_STANDARD = gnu11;
				GCC_NO_COMMON_BLOCKS = YES;
				GCC_WARN_64_TO_32_BIT_CONVERSION = YES;
				GCC_WARN_ABOUT_RETURN_TYPE = YES_ERROR;
				GCC_WARN_UNDECLARED_SELECTOR = YES;
				GCC_WARN_UNINITIALIZED_AUTOS = YES_AGGRESSIVE;
				GCC_WARN_UNUSED_FUNCTION = YES;
				GCC_WARN_UNUSED_VARIABLE = YES;
				MTL_ENABLE_DEBUG_INFO = NO;
				MTL_FAST_MATH = YES;
				SWIFT_COMPILATION_MODE = wholemodule;
				SWIFT_OPTIMIZATION_LEVEL = "-O";
			};
			name = Release;
		};
		549BA23D281127E400622F37 /* Debug */ = {
			isa = XCBuildConfiguration;
			buildSettings = {
				ASSETCATALOG_COMPILER_APPICON_NAME = AppIcon;
				ASSETCATALOG_COMPILER_GLOBAL_ACCENT_COLOR_NAME = AccentColor;
				CODE_SIGN_STYLE = Automatic;
				CURRENT_PROJECT_VERSION = 1;
				DEVELOPMENT_TEAM = HPV9E52JPX;
				ENABLE_PREVIEWS = YES;
				GENERATE_INFOPLIST_FILE = YES;
				INFOPLIST_FILE = "ViewPort--iOS--Info.plist";
				INFOPLIST_KEY_UIApplicationSceneManifest_Generation = YES;
				INFOPLIST_KEY_UIApplicationSupportsIndirectInputEvents = YES;
				INFOPLIST_KEY_UILaunchScreen_Generation = YES;
				INFOPLIST_KEY_UISupportedInterfaceOrientations_iPad = "UIInterfaceOrientationPortrait UIInterfaceOrientationPortraitUpsideDown UIInterfaceOrientationLandscapeLeft UIInterfaceOrientationLandscapeRight";
				INFOPLIST_KEY_UISupportedInterfaceOrientations_iPhone = "UIInterfaceOrientationPortrait UIInterfaceOrientationLandscapeLeft UIInterfaceOrientationLandscapeRight";
				IPHONEOS_DEPLOYMENT_TARGET = 15.4;
				LD_RUNPATH_SEARCH_PATHS = (
					"$(inherited)",
					"@executable_path/Frameworks",
				);
				MARKETING_VERSION = 1.0;
				PRODUCT_BUNDLE_IDENTIFIER = com.weakteam.ViewPort;
				PRODUCT_NAME = ViewPort;
				SDKROOT = iphoneos;
				SWIFT_EMIT_LOC_STRINGS = YES;
				SWIFT_VERSION = 5.0;
				TARGETED_DEVICE_FAMILY = "1,2";
			};
			name = Debug;
		};
		549BA23E281127E400622F37 /* Release */ = {
			isa = XCBuildConfiguration;
			buildSettings = {
				ASSETCATALOG_COMPILER_APPICON_NAME = AppIcon;
				ASSETCATALOG_COMPILER_GLOBAL_ACCENT_COLOR_NAME = AccentColor;
				CODE_SIGN_STYLE = Automatic;
				CURRENT_PROJECT_VERSION = 1;
				DEVELOPMENT_TEAM = HPV9E52JPX;
				ENABLE_PREVIEWS = YES;
				GENERATE_INFOPLIST_FILE = YES;
				INFOPLIST_FILE = "ViewPort--iOS--Info.plist";
				INFOPLIST_KEY_UIApplicationSceneManifest_Generation = YES;
				INFOPLIST_KEY_UIApplicationSupportsIndirectInputEvents = YES;
				INFOPLIST_KEY_UILaunchScreen_Generation = YES;
				INFOPLIST_KEY_UISupportedInterfaceOrientations_iPad = "UIInterfaceOrientationPortrait UIInterfaceOrientationPortraitUpsideDown UIInterfaceOrientationLandscapeLeft UIInterfaceOrientationLandscapeRight";
				INFOPLIST_KEY_UISupportedInterfaceOrientations_iPhone = "UIInterfaceOrientationPortrait UIInterfaceOrientationLandscapeLeft UIInterfaceOrientationLandscapeRight";
				IPHONEOS_DEPLOYMENT_TARGET = 15.4;
				LD_RUNPATH_SEARCH_PATHS = (
					"$(inherited)",
					"@executable_path/Frameworks",
				);
				MARKETING_VERSION = 1.0;
				PRODUCT_BUNDLE_IDENTIFIER = com.weakteam.ViewPort;
				PRODUCT_NAME = ViewPort;
				SDKROOT = iphoneos;
				SWIFT_EMIT_LOC_STRINGS = YES;
				SWIFT_VERSION = 5.0;
				TARGETED_DEVICE_FAMILY = "1,2";
				VALIDATE_PRODUCT = YES;
			};
			name = Release;
		};
		549BA240281127E400622F37 /* Debug */ = {
			isa = XCBuildConfiguration;
			buildSettings = {
				ASSETCATALOG_COMPILER_APPICON_NAME = AppIcon;
				ASSETCATALOG_COMPILER_GLOBAL_ACCENT_COLOR_NAME = AccentColor;
				CODE_SIGN_ENTITLEMENTS = macOS/macOS.entitlements;
				CODE_SIGN_IDENTITY = "-";
				CODE_SIGN_STYLE = Automatic;
				COMBINE_HIDPI_IMAGES = YES;
				CURRENT_PROJECT_VERSION = 1;
				DEVELOPMENT_TEAM = HPV9E52JPX;
				ENABLE_HARDENED_RUNTIME = YES;
				ENABLE_PREVIEWS = YES;
				GENERATE_INFOPLIST_FILE = YES;
				INFOPLIST_KEY_NSHumanReadableCopyright = "";
				LD_RUNPATH_SEARCH_PATHS = (
					"$(inherited)",
					"@executable_path/../Frameworks",
				);
				MACOSX_DEPLOYMENT_TARGET = 12.3;
				MARKETING_VERSION = 1.0;
				PRODUCT_BUNDLE_IDENTIFIER = com.weakteam.ViewPort;
				PRODUCT_NAME = ViewPort;
				SDKROOT = macosx;
				SWIFT_EMIT_LOC_STRINGS = YES;
				SWIFT_VERSION = 5.0;
				WARNING_CFLAGS = "-Wall";
			};
			name = Debug;
		};
		549BA241281127E400622F37 /* Release */ = {
			isa = XCBuildConfiguration;
			buildSettings = {
				ASSETCATALOG_COMPILER_APPICON_NAME = AppIcon;
				ASSETCATALOG_COMPILER_GLOBAL_ACCENT_COLOR_NAME = AccentColor;
				CODE_SIGN_ENTITLEMENTS = macOS/macOS.entitlements;
				CODE_SIGN_IDENTITY = "-";
				CODE_SIGN_STYLE = Automatic;
				COMBINE_HIDPI_IMAGES = YES;
				CURRENT_PROJECT_VERSION = 1;
				DEVELOPMENT_TEAM = HPV9E52JPX;
				ENABLE_HARDENED_RUNTIME = YES;
				ENABLE_PREVIEWS = YES;
				GENERATE_INFOPLIST_FILE = YES;
				INFOPLIST_KEY_NSHumanReadableCopyright = "";
				LD_RUNPATH_SEARCH_PATHS = (
					"$(inherited)",
					"@executable_path/../Frameworks",
				);
				MACOSX_DEPLOYMENT_TARGET = 12.3;
				MARKETING_VERSION = 1.0;
				PRODUCT_BUNDLE_IDENTIFIER = com.weakteam.ViewPort;
				PRODUCT_NAME = ViewPort;
				SDKROOT = macosx;
				SWIFT_EMIT_LOC_STRINGS = YES;
				SWIFT_VERSION = 5.0;
				WARNING_CFLAGS = "-Wall";
			};
			name = Release;
		};
/* End XCBuildConfiguration section */

/* Begin XCConfigurationList section */
		549BA222281127E200622F37 /* Build configuration list for PBXProject "ViewPort" */ = {
			isa = XCConfigurationList;
			buildConfigurations = (
				549BA23A281127E400622F37 /* Debug */,
				549BA23B281127E400622F37 /* Release */,
			);
			defaultConfigurationIsVisible = 0;
			defaultConfigurationName = Release;
		};
		549BA23C281127E400622F37 /* Build configuration list for PBXNativeTarget "ViewPort (iOS)" */ = {
			isa = XCConfigurationList;
			buildConfigurations = (
				549BA23D281127E400622F37 /* Debug */,
				549BA23E281127E400622F37 /* Release */,
			);
			defaultConfigurationIsVisible = 0;
			defaultConfigurationName = Release;
		};
		549BA23F281127E400622F37 /* Build configuration list for PBXNativeTarget "ViewPort (macOS)" */ = {
			isa = XCConfigurationList;
			buildConfigurations = (
				549BA240281127E400622F37 /* Debug */,
				549BA241281127E400622F37 /* Release */,
			);
			defaultConfigurationIsVisible = 0;
			defaultConfigurationName = Release;
		};
/* End XCConfigurationList section */

/* Begin XCSwiftPackageProductDependency section */
		549BA2462811285D00622F37 /* HotMetal */ = {
			isa = XCSwiftPackageProductDependency;
			productName = HotMetal;
		};
		549BA2482811286300622F37 /* HotMetal */ = {
			isa = XCSwiftPackageProductDependency;
			productName = HotMetal;
		};
/* End XCSwiftPackageProductDependency section */
	};
	rootObject = 549BA21F281127E200622F37 /* Project object */;
}
