// !$*UTF8*$!
{
	archiveVersion = 1;
	classes = {
	};
	objectVersion = 55;
	objects = {

/* Begin PBXBuildFile section */
		54853217280739E90022FDF5 /* ImageApp.swift in Sources */ = {isa = PBXBuildFile; fileRef = 54853207280739E70022FDF5 /* ImageApp.swift */; };
		54853218280739E90022FDF5 /* ImageApp.swift in Sources */ = {isa = PBXBuildFile; fileRef = 54853207280739E70022FDF5 /* ImageApp.swift */; };
		54853219280739E90022FDF5 /* ContentView.swift in Sources */ = {isa = PBXBuildFile; fileRef = 54853208280739E70022FDF5 /* ContentView.swift */; };
		5485321A280739E90022FDF5 /* ContentView.swift in Sources */ = {isa = PBXBuildFile; fileRef = 54853208280739E70022FDF5 /* ContentView.swift */; };
		5485321B280739E90022FDF5 /* Assets.xcassets in Resources */ = {isa = PBXBuildFile; fileRef = 54853209280739E90022FDF5 /* Assets.xcassets */; };
		5485321C280739E90022FDF5 /* Assets.xcassets in Resources */ = {isa = PBXBuildFile; fileRef = 54853209280739E90022FDF5 /* Assets.xcassets */; };
		5485322828073B010022FDF5 /* ContentView+ViewModel.swift in Sources */ = {isa = PBXBuildFile; fileRef = 5485322728073B010022FDF5 /* ContentView+ViewModel.swift */; };
		5485322928073B010022FDF5 /* ContentView+ViewModel.swift in Sources */ = {isa = PBXBuildFile; fileRef = 5485322728073B010022FDF5 /* ContentView+ViewModel.swift */; };
		5485322C28073B1E0022FDF5 /* ImageScene.swift in Sources */ = {isa = PBXBuildFile; fileRef = 5485322B28073B1E0022FDF5 /* ImageScene.swift */; };
		5485322D28073B1E0022FDF5 /* ImageScene.swift in Sources */ = {isa = PBXBuildFile; fileRef = 5485322B28073B1E0022FDF5 /* ImageScene.swift */; };
		5485322F28073B300022FDF5 /* ImageNode.swift in Sources */ = {isa = PBXBuildFile; fileRef = 5485322E28073B300022FDF5 /* ImageNode.swift */; };
		5485323028073B300022FDF5 /* ImageNode.swift in Sources */ = {isa = PBXBuildFile; fileRef = 5485322E28073B300022FDF5 /* ImageNode.swift */; };
		5485323328073B5E0022FDF5 /* HotMetal in Frameworks */ = {isa = PBXBuildFile; productRef = 5485323228073B5E0022FDF5 /* HotMetal */; };
		5485323528073B630022FDF5 /* HotMetal in Frameworks */ = {isa = PBXBuildFile; productRef = 5485323428073B630022FDF5 /* HotMetal */; };
/* End PBXBuildFile section */

/* Begin PBXFileReference section */
		54853207280739E70022FDF5 /* ImageApp.swift */ = {isa = PBXFileReference; lastKnownFileType = sourcecode.swift; path = ImageApp.swift; sourceTree = "<group>"; };
		54853208280739E70022FDF5 /* ContentView.swift */ = {isa = PBXFileReference; lastKnownFileType = sourcecode.swift; path = ContentView.swift; sourceTree = "<group>"; };
		54853209280739E90022FDF5 /* Assets.xcassets */ = {isa = PBXFileReference; lastKnownFileType = folder.assetcatalog; path = Assets.xcassets; sourceTree = "<group>"; };
		5485320E280739E90022FDF5 /* Image.app */ = {isa = PBXFileReference; explicitFileType = wrapper.application; includeInIndex = 0; path = Image.app; sourceTree = BUILT_PRODUCTS_DIR; };
		54853214280739E90022FDF5 /* Image.app */ = {isa = PBXFileReference; explicitFileType = wrapper.application; includeInIndex = 0; path = Image.app; sourceTree = BUILT_PRODUCTS_DIR; };
		54853216280739E90022FDF5 /* macOS.entitlements */ = {isa = PBXFileReference; lastKnownFileType = text.plist.entitlements; path = macOS.entitlements; sourceTree = "<group>"; };
		5485322628073AC40022FDF5 /* HotMetal */ = {isa = PBXFileReference; lastKnownFileType = wrapper; name = HotMetal; path = ../..; sourceTree = "<group>"; };
		5485322728073B010022FDF5 /* ContentView+ViewModel.swift */ = {isa = PBXFileReference; lastKnownFileType = sourcecode.swift; path = "ContentView+ViewModel.swift"; sourceTree = "<group>"; };
		5485322B28073B1E0022FDF5 /* ImageScene.swift */ = {isa = PBXFileReference; lastKnownFileType = sourcecode.swift; path = ImageScene.swift; sourceTree = "<group>"; };
		5485322E28073B300022FDF5 /* ImageNode.swift */ = {isa = PBXFileReference; lastKnownFileType = sourcecode.swift; path = ImageNode.swift; sourceTree = "<group>"; };
/* End PBXFileReference section */

/* Begin PBXFrameworksBuildPhase section */
		5485320B280739E90022FDF5 /* Frameworks */ = {
			isa = PBXFrameworksBuildPhase;
			buildActionMask = 2147483647;
			files = (
				5485323328073B5E0022FDF5 /* HotMetal in Frameworks */,
			);
			runOnlyForDeploymentPostprocessing = 0;
		};
		54853211280739E90022FDF5 /* Frameworks */ = {
			isa = PBXFrameworksBuildPhase;
			buildActionMask = 2147483647;
			files = (
				5485323528073B630022FDF5 /* HotMetal in Frameworks */,
			);
			runOnlyForDeploymentPostprocessing = 0;
		};
/* End PBXFrameworksBuildPhase section */

/* Begin PBXGroup section */
		54853201280739E70022FDF5 = {
			isa = PBXGroup;
			children = (
				5485322528073AC40022FDF5 /* Packages */,
				54853206280739E70022FDF5 /* Shared */,
				54853215280739E90022FDF5 /* macOS */,
				5485320F280739E90022FDF5 /* Products */,
				5485323128073B5E0022FDF5 /* Frameworks */,
			);
			sourceTree = "<group>";
		};
		54853206280739E70022FDF5 /* Shared */ = {
			isa = PBXGroup;
			children = (
				5485322A28073B0C0022FDF5 /* Scene */,
				54853207280739E70022FDF5 /* ImageApp.swift */,
				54853208280739E70022FDF5 /* ContentView.swift */,
				5485322728073B010022FDF5 /* ContentView+ViewModel.swift */,
				54853209280739E90022FDF5 /* Assets.xcassets */,
			);
			path = Shared;
			sourceTree = "<group>";
		};
		5485320F280739E90022FDF5 /* Products */ = {
			isa = PBXGroup;
			children = (
				5485320E280739E90022FDF5 /* Image.app */,
				54853214280739E90022FDF5 /* Image.app */,
			);
			name = Products;
			sourceTree = "<group>";
		};
		54853215280739E90022FDF5 /* macOS */ = {
			isa = PBXGroup;
			children = (
				54853216280739E90022FDF5 /* macOS.entitlements */,
			);
			path = macOS;
			sourceTree = "<group>";
		};
		5485322528073AC40022FDF5 /* Packages */ = {
			isa = PBXGroup;
			children = (
				5485322628073AC40022FDF5 /* HotMetal */,
			);
			name = Packages;
			sourceTree = "<group>";
		};
		5485322A28073B0C0022FDF5 /* Scene */ = {
			isa = PBXGroup;
			children = (
				5485322B28073B1E0022FDF5 /* ImageScene.swift */,
				5485322E28073B300022FDF5 /* ImageNode.swift */,
			);
			path = Scene;
			sourceTree = "<group>";
		};
		5485323128073B5E0022FDF5 /* Frameworks */ = {
			isa = PBXGroup;
			children = (
			);
			name = Frameworks;
			sourceTree = "<group>";
		};
/* End PBXGroup section */

/* Begin PBXNativeTarget section */
		5485320D280739E90022FDF5 /* Image (iOS) */ = {
			isa = PBXNativeTarget;
			buildConfigurationList = 5485321F280739E90022FDF5 /* Build configuration list for PBXNativeTarget "Image (iOS)" */;
			buildPhases = (
				5485320A280739E90022FDF5 /* Sources */,
				5485320B280739E90022FDF5 /* Frameworks */,
				5485320C280739E90022FDF5 /* Resources */,
			);
			buildRules = (
			);
			dependencies = (
			);
			name = "Image (iOS)";
			packageProductDependencies = (
				5485323228073B5E0022FDF5 /* HotMetal */,
			);
			productName = "Image (iOS)";
			productReference = 5485320E280739E90022FDF5 /* Image.app */;
			productType = "com.apple.product-type.application";
		};
		54853213280739E90022FDF5 /* Image (macOS) */ = {
			isa = PBXNativeTarget;
			buildConfigurationList = 54853222280739E90022FDF5 /* Build configuration list for PBXNativeTarget "Image (macOS)" */;
			buildPhases = (
				54853210280739E90022FDF5 /* Sources */,
				54853211280739E90022FDF5 /* Frameworks */,
				54853212280739E90022FDF5 /* Resources */,
			);
			buildRules = (
			);
			dependencies = (
			);
			name = "Image (macOS)";
			packageProductDependencies = (
				5485323428073B630022FDF5 /* HotMetal */,
			);
			productName = "Image (macOS)";
			productReference = 54853214280739E90022FDF5 /* Image.app */;
			productType = "com.apple.product-type.application";
		};
/* End PBXNativeTarget section */

/* Begin PBXProject section */
		54853202280739E70022FDF5 /* Project object */ = {
			isa = PBXProject;
			attributes = {
				BuildIndependentTargetsInParallel = 1;
				LastSwiftUpdateCheck = 1330;
				LastUpgradeCheck = 1330;
				TargetAttributes = {
					5485320D280739E90022FDF5 = {
						CreatedOnToolsVersion = 13.3;
					};
					54853213280739E90022FDF5 = {
						CreatedOnToolsVersion = 13.3;
					};
				};
			};
			buildConfigurationList = 54853205280739E70022FDF5 /* Build configuration list for PBXProject "Image" */;
			compatibilityVersion = "Xcode 13.0";
			developmentRegion = en;
			hasScannedForEncodings = 0;
			knownRegions = (
				en,
				Base,
			);
			mainGroup = 54853201280739E70022FDF5;
			productRefGroup = 5485320F280739E90022FDF5 /* Products */;
			projectDirPath = "";
			projectRoot = "";
			targets = (
				5485320D280739E90022FDF5 /* Image (iOS) */,
				54853213280739E90022FDF5 /* Image (macOS) */,
			);
		};
/* End PBXProject section */

/* Begin PBXResourcesBuildPhase section */
		5485320C280739E90022FDF5 /* Resources */ = {
			isa = PBXResourcesBuildPhase;
			buildActionMask = 2147483647;
			files = (
				5485321B280739E90022FDF5 /* Assets.xcassets in Resources */,
			);
			runOnlyForDeploymentPostprocessing = 0;
		};
		54853212280739E90022FDF5 /* Resources */ = {
			isa = PBXResourcesBuildPhase;
			buildActionMask = 2147483647;
			files = (
				5485321C280739E90022FDF5 /* Assets.xcassets in Resources */,
			);
			runOnlyForDeploymentPostprocessing = 0;
		};
/* End PBXResourcesBuildPhase section */

/* Begin PBXSourcesBuildPhase section */
		5485320A280739E90022FDF5 /* Sources */ = {
			isa = PBXSourcesBuildPhase;
			buildActionMask = 2147483647;
			files = (
				5485322C28073B1E0022FDF5 /* ImageScene.swift in Sources */,
				5485322F28073B300022FDF5 /* ImageNode.swift in Sources */,
				54853219280739E90022FDF5 /* ContentView.swift in Sources */,
				54853217280739E90022FDF5 /* ImageApp.swift in Sources */,
				5485322828073B010022FDF5 /* ContentView+ViewModel.swift in Sources */,
			);
			runOnlyForDeploymentPostprocessing = 0;
		};
		54853210280739E90022FDF5 /* Sources */ = {
			isa = PBXSourcesBuildPhase;
			buildActionMask = 2147483647;
			files = (
				5485322D28073B1E0022FDF5 /* ImageScene.swift in Sources */,
				5485323028073B300022FDF5 /* ImageNode.swift in Sources */,
				5485321A280739E90022FDF5 /* ContentView.swift in Sources */,
				54853218280739E90022FDF5 /* ImageApp.swift in Sources */,
				5485322928073B010022FDF5 /* ContentView+ViewModel.swift in Sources */,
			);
			runOnlyForDeploymentPostprocessing = 0;
		};
/* End PBXSourcesBuildPhase section */

/* Begin XCBuildConfiguration section */
		5485321D280739E90022FDF5 /* Debug */ = {
			isa = XCBuildConfiguration;
			buildSettings = {
				ALWAYS_SEARCH_USER_PATHS = NO;
				CLANG_ANALYZER_NONNULL = YES;
				CLANG_ANALYZER_NUMBER_OBJECT_CONVERSION = YES_AGGRESSIVE;
				CLANG_CXX_LANGUAGE_STANDARD = "gnu++17";
				CLANG_ENABLE_MODULES = YES;
				CLANG_ENABLE_OBJC_ARC = YES;
				CLANG_ENABLE_OBJC_WEAK = YES;
				CLANG_WARN_BLOCK_CAPTURE_AUTORELEASING = YES;
				CLANG_WARN_BOOL_CONVERSION = YES;
				CLANG_WARN_COMMA = YES;
				CLANG_WARN_CONSTANT_CONVERSION = YES;
				CLANG_WARN_DEPRECATED_OBJC_IMPLEMENTATIONS = YES;
				CLANG_WARN_DIRECT_OBJC_ISA_USAGE = YES_ERROR;
				CLANG_WARN_DOCUMENTATION_COMMENTS = YES;
				CLANG_WARN_EMPTY_BODY = YES;
				CLANG_WARN_ENUM_CONVERSION = YES;
				CLANG_WARN_INFINITE_RECURSION = YES;
				CLANG_WARN_INT_CONVERSION = YES;
				CLANG_WARN_NON_LITERAL_NULL_CONVERSION = YES;
				CLANG_WARN_OBJC_IMPLICIT_RETAIN_SELF = YES;
				CLANG_WARN_OBJC_LITERAL_CONVERSION = YES;
				CLANG_WARN_OBJC_ROOT_CLASS = YES_ERROR;
				CLANG_WARN_QUOTED_INCLUDE_IN_FRAMEWORK_HEADER = YES;
				CLANG_WARN_RANGE_LOOP_ANALYSIS = YES;
				CLANG_WARN_STRICT_PROTOTYPES = YES;
				CLANG_WARN_SUSPICIOUS_MOVE = YES;
				CLANG_WARN_UNGUARDED_AVAILABILITY = YES_AGGRESSIVE;
				CLANG_WARN_UNREACHABLE_CODE = YES;
				CLANG_WARN__DUPLICATE_METHOD_MATCH = YES;
				COPY_PHASE_STRIP = NO;
				DEBUG_INFORMATION_FORMAT = dwarf;
				ENABLE_STRICT_OBJC_MSGSEND = YES;
				ENABLE_TESTABILITY = YES;
				GCC_C_LANGUAGE_STANDARD = gnu11;
				GCC_DYNAMIC_NO_PIC = NO;
				GCC_NO_COMMON_BLOCKS = YES;
				GCC_OPTIMIZATION_LEVEL = 0;
				GCC_PREPROCESSOR_DEFINITIONS = (
					"DEBUG=1",
					"$(inherited)",
				);
				GCC_WARN_64_TO_32_BIT_CONVERSION = YES;
				GCC_WARN_ABOUT_RETURN_TYPE = YES_ERROR;
				GCC_WARN_UNDECLARED_SELECTOR = YES;
				GCC_WARN_UNINITIALIZED_AUTOS = YES_AGGRESSIVE;
				GCC_WARN_UNUSED_FUNCTION = YES;
				GCC_WARN_UNUSED_VARIABLE = YES;
				MTL_ENABLE_DEBUG_INFO = INCLUDE_SOURCE;
				MTL_FAST_MATH = YES;
				ONLY_ACTIVE_ARCH = YES;
				SWIFT_ACTIVE_COMPILATION_CONDITIONS = DEBUG;
				SWIFT_OPTIMIZATION_LEVEL = "-Onone";
			};
			name = Debug;
		};
		5485321E280739E90022FDF5 /* Release */ = {
			isa = XCBuildConfiguration;
			buildSettings = {
				ALWAYS_SEARCH_USER_PATHS = NO;
				CLANG_ANALYZER_NONNULL = YES;
				CLANG_ANALYZER_NUMBER_OBJECT_CONVERSION = YES_AGGRESSIVE;
				CLANG_CXX_LANGUAGE_STANDARD = "gnu++17";
				CLANG_ENABLE_MODULES = YES;
				CLANG_ENABLE_OBJC_ARC = YES;
				CLANG_ENABLE_OBJC_WEAK = YES;
				CLANG_WARN_BLOCK_CAPTURE_AUTORELEASING = YES;
				CLANG_WARN_BOOL_CONVERSION = YES;
				CLANG_WARN_COMMA = YES;
				CLANG_WARN_CONSTANT_CONVERSION = YES;
				CLANG_WARN_DEPRECATED_OBJC_IMPLEMENTATIONS = YES;
				CLANG_WARN_DIRECT_OBJC_ISA_USAGE = YES_ERROR;
				CLANG_WARN_DOCUMENTATION_COMMENTS = YES;
				CLANG_WARN_EMPTY_BODY = YES;
				CLANG_WARN_ENUM_CONVERSION = YES;
				CLANG_WARN_INFINITE_RECURSION = YES;
				CLANG_WARN_INT_CONVERSION = YES;
				CLANG_WARN_NON_LITERAL_NULL_CONVERSION = YES;
				CLANG_WARN_OBJC_IMPLICIT_RETAIN_SELF = YES;
				CLANG_WARN_OBJC_LITERAL_CONVERSION = YES;
				CLANG_WARN_OBJC_ROOT_CLASS = YES_ERROR;
				CLANG_WARN_QUOTED_INCLUDE_IN_FRAMEWORK_HEADER = YES;
				CLANG_WARN_RANGE_LOOP_ANALYSIS = YES;
				CLANG_WARN_STRICT_PROTOTYPES = YES;
				CLANG_WARN_SUSPICIOUS_MOVE = YES;
				CLANG_WARN_UNGUARDED_AVAILABILITY = YES_AGGRESSIVE;
				CLANG_WARN_UNREACHABLE_CODE = YES;
				CLANG_WARN__DUPLICATE_METHOD_MATCH = YES;
				COPY_PHASE_STRIP = NO;
				DEBUG_INFORMATION_FORMAT = "dwarf-with-dsym";
				ENABLE_NS_ASSERTIONS = NO;
				ENABLE_STRICT_OBJC_MSGSEND = YES;
				GCC_C_LANGUAGE_STANDARD = gnu11;
				GCC_NO_COMMON_BLOCKS = YES;
				GCC_WARN_64_TO_32_BIT_CONVERSION = YES;
				GCC_WARN_ABOUT_RETURN_TYPE = YES_ERROR;
				GCC_WARN_UNDECLARED_SELECTOR = YES;
				GCC_WARN_UNINITIALIZED_AUTOS = YES_AGGRESSIVE;
				GCC_WARN_UNUSED_FUNCTION = YES;
				GCC_WARN_UNUSED_VARIABLE = YES;
				MTL_ENABLE_DEBUG_INFO = NO;
				MTL_FAST_MATH = YES;
				SWIFT_COMPILATION_MODE = wholemodule;
				SWIFT_OPTIMIZATION_LEVEL = "-O";
			};
			name = Release;
		};
		54853220280739E90022FDF5 /* Debug */ = {
			isa = XCBuildConfiguration;
			buildSettings = {
				ASSETCATALOG_COMPILER_APPICON_NAME = AppIcon;
				ASSETCATALOG_COMPILER_GLOBAL_ACCENT_COLOR_NAME = AccentColor;
				CODE_SIGN_STYLE = Automatic;
				CURRENT_PROJECT_VERSION = 1;
				DEVELOPMENT_TEAM = HPV9E52JPX;
				ENABLE_PREVIEWS = YES;
				GENERATE_INFOPLIST_FILE = YES;
				INFOPLIST_KEY_UIApplicationSceneManifest_Generation = YES;
				INFOPLIST_KEY_UIApplicationSupportsIndirectInputEvents = YES;
				INFOPLIST_KEY_UILaunchScreen_Generation = YES;
				INFOPLIST_KEY_UISupportedInterfaceOrientations_iPad = "UIInterfaceOrientationPortrait UIInterfaceOrientationPortraitUpsideDown UIInterfaceOrientationLandscapeLeft UIInterfaceOrientationLandscapeRight";
				INFOPLIST_KEY_UISupportedInterfaceOrientations_iPhone = "UIInterfaceOrientationPortrait UIInterfaceOrientationLandscapeLeft UIInterfaceOrientationLandscapeRight";
				IPHONEOS_DEPLOYMENT_TARGET = 15.4;
				LD_RUNPATH_SEARCH_PATHS = (
					"$(inherited)",
					"@executable_path/Frameworks",
				);
				MARKETING_VERSION = 1.0;
				PRODUCT_BUNDLE_IDENTIFIER = com.weakteam.Image;
				PRODUCT_NAME = Image;
				SDKROOT = iphoneos;
				SWIFT_EMIT_LOC_STRINGS = YES;
				SWIFT_VERSION = 5.0;
				TARGETED_DEVICE_FAMILY = "1,2";
			};
			name = Debug;
		};
		54853221280739E90022FDF5 /* Release */ = {
			isa = XCBuildConfiguration;
			buildSettings = {
				ASSETCATALOG_COMPILER_APPICON_NAME = AppIcon;
				ASSETCATALOG_COMPILER_GLOBAL_ACCENT_COLOR_NAME = AccentColor;
				CODE_SIGN_STYLE = Automatic;
				CURRENT_PROJECT_VERSION = 1;
				DEVELOPMENT_TEAM = HPV9E52JPX;
				ENABLE_PREVIEWS = YES;
				GENERATE_INFOPLIST_FILE = YES;
				INFOPLIST_KEY_UIApplicationSceneManifest_Generation = YES;
				INFOPLIST_KEY_UIApplicationSupportsIndirectInputEvents = YES;
				INFOPLIST_KEY_UILaunchScreen_Generation = YES;
				INFOPLIST_KEY_UISupportedInterfaceOrientations_iPad = "UIInterfaceOrientationPortrait UIInterfaceOrientationPortraitUpsideDown UIInterfaceOrientationLandscapeLeft UIInterfaceOrientationLandscapeRight";
				INFOPLIST_KEY_UISupportedInterfaceOrientations_iPhone = "UIInterfaceOrientationPortrait UIInterfaceOrientationLandscapeLeft UIInterfaceOrientationLandscapeRight";
				IPHONEOS_DEPLOYMENT_TARGET = 15.4;
				LD_RUNPATH_SEARCH_PATHS = (
					"$(inherited)",
					"@executable_path/Frameworks",
				);
				MARKETING_VERSION = 1.0;
				PRODUCT_BUNDLE_IDENTIFIER = com.weakteam.Image;
				PRODUCT_NAME = Image;
				SDKROOT = iphoneos;
				SWIFT_EMIT_LOC_STRINGS = YES;
				SWIFT_VERSION = 5.0;
				TARGETED_DEVICE_FAMILY = "1,2";
				VALIDATE_PRODUCT = YES;
			};
			name = Release;
		};
		54853223280739E90022FDF5 /* Debug */ = {
			isa = XCBuildConfiguration;
			buildSettings = {
				ASSETCATALOG_COMPILER_APPICON_NAME = AppIcon;
				ASSETCATALOG_COMPILER_GLOBAL_ACCENT_COLOR_NAME = AccentColor;
				CODE_SIGN_ENTITLEMENTS = macOS/macOS.entitlements;
				CODE_SIGN_STYLE = Automatic;
				COMBINE_HIDPI_IMAGES = YES;
				CURRENT_PROJECT_VERSION = 1;
				DEVELOPMENT_TEAM = HPV9E52JPX;
				ENABLE_HARDENED_RUNTIME = YES;
				ENABLE_PREVIEWS = YES;
				GENERATE_INFOPLIST_FILE = YES;
				INFOPLIST_KEY_NSHumanReadableCopyright = "";
				LD_RUNPATH_SEARCH_PATHS = (
					"$(inherited)",
					"@executable_path/../Frameworks",
				);
				MACOSX_DEPLOYMENT_TARGET = 12.2;
				MARKETING_VERSION = 1.0;
				PRODUCT_BUNDLE_IDENTIFIER = com.weakteam.Image;
				PRODUCT_NAME = Image;
				SDKROOT = macosx;
				SWIFT_EMIT_LOC_STRINGS = YES;
				SWIFT_VERSION = 5.0;
			};
			name = Debug;
		};
		54853224280739E90022FDF5 /* Release */ = {
			isa = XCBuildConfiguration;
			buildSettings = {
				ASSETCATALOG_COMPILER_APPICON_NAME = AppIcon;
				ASSETCATALOG_COMPILER_GLOBAL_ACCENT_COLOR_NAME = AccentColor;
				CODE_SIGN_ENTITLEMENTS = macOS/macOS.entitlements;
				CODE_SIGN_STYLE = Automatic;
				COMBINE_HIDPI_IMAGES = YES;
				CURRENT_PROJECT_VERSION = 1;
				DEVELOPMENT_TEAM = HPV9E52JPX;
				ENABLE_HARDENED_RUNTIME = YES;
				ENABLE_PREVIEWS = YES;
				GENERATE_INFOPLIST_FILE = YES;
				INFOPLIST_KEY_NSHumanReadableCopyright = "";
				LD_RUNPATH_SEARCH_PATHS = (
					"$(inherited)",
					"@executable_path/../Frameworks",
				);
				MACOSX_DEPLOYMENT_TARGET = 12.2;
				MARKETING_VERSION = 1.0;
				PRODUCT_BUNDLE_IDENTIFIER = com.weakteam.Image;
				PRODUCT_NAME = Image;
				SDKROOT = macosx;
				SWIFT_EMIT_LOC_STRINGS = YES;
				SWIFT_VERSION = 5.0;
			};
			name = Release;
		};
/* End XCBuildConfiguration section */

/* Begin XCConfigurationList section */
		54853205280739E70022FDF5 /* Build configuration list for PBXProject "Image" */ = {
			isa = XCConfigurationList;
			buildConfigurations = (
				5485321D280739E90022FDF5 /* Debug */,
				5485321E280739E90022FDF5 /* Release */,
			);
			defaultConfigurationIsVisible = 0;
			defaultConfigurationName = Release;
		};
		5485321F280739E90022FDF5 /* Build configuration list for PBXNativeTarget "Image (iOS)" */ = {
			isa = XCConfigurationList;
			buildConfigurations = (
				54853220280739E90022FDF5 /* Debug */,
				54853221280739E90022FDF5 /* Release */,
			);
			defaultConfigurationIsVisible = 0;
			defaultConfigurationName = Release;
		};
		54853222280739E90022FDF5 /* Build configuration list for PBXNativeTarget "Image (macOS)" */ = {
			isa = XCConfigurationList;
			buildConfigurations = (
				54853223280739E90022FDF5 /* Debug */,
				54853224280739E90022FDF5 /* Release */,
			);
			defaultConfigurationIsVisible = 0;
			defaultConfigurationName = Release;
		};
/* End XCConfigurationList section */

/* Begin XCSwiftPackageProductDependency section */
		5485323228073B5E0022FDF5 /* HotMetal */ = {
			isa = XCSwiftPackageProductDependency;
			productName = HotMetal;
		};
		5485323428073B630022FDF5 /* HotMetal */ = {
			isa = XCSwiftPackageProductDependency;
			productName = HotMetal;
		};
/* End XCSwiftPackageProductDependency section */
	};
	rootObject = 54853202280739E70022FDF5 /* Project object */;
}
